
Microsoft Visual Studio Solution File, Format Version 12.00
# Visual Studio Version 17
VisualStudioVersion = 17.11.35327.3
MinimumVisualStudioVersion = 10.0.40219.1
Project("{FAE04EC0-301F-11D3-BF4B-00C04F79EFBC}") = "CustomAvatarsGetHeadNotePatch", "CustomAvatarsGetHeadNotePatch\CustomAvatarsGetHeadNotePatch.csproj", "{C28FE6B9-F934-4258-8B6E-89BCD732340D}"
EndProject
Global
	GlobalSection(SolutionConfigurationPlatforms) = preSolution
		Debug|Any CPU = Debug|Any CPU
		Release|Any CPU = Release|Any CPU
	EndGlobalSection
	GlobalSection(ProjectConfigurationPlatforms) = postSolution
		{C28FE6B9-F934-4258-8B6E-89BCD732340D}.Debug|Any CPU.ActiveCfg = Debug|Any CPU
		{C28FE6B9-F934-4258-8B6E-89BCD732340D}.Debug|Any CPU.Build.0 = Debug|Any CPU
		{C28FE6B9-F934-4258-8B6E-89BCD732340D}.Release|Any CPU.ActiveCfg = Release|Any CPU
		{C28FE6B9-F934-4258-8B6E-89BCD732340D}.Release|Any CPU.Build.0 = Release|Any CPU
	EndGlobalSection
	GlobalSection(SolutionProperties) = preSolution
		HideSolutionNode = FALSE
	EndGlobalSection
	GlobalSection(ExtensibilityGlobals) = postSolution
		SolutionGuid = {397E74A3-53AD-4362-8858-9FA49F979A42}
	EndGlobalSection
EndGlobal
